{
  "name": "web",
  "version": "1.0.0",
  "lockfileVersion": 1,
  "requires": true,
  "dependencies": {
    "@types/async": {
      "version": "2.0.49",
      "resolved": "https://registry.npmjs.org/@types/async/-/async-2.0.49.tgz",
      "integrity": "sha512-Benr3i5odUkvpFkOpzGqrltGdbSs+EVCkEBGXbuR7uT0VzhXKIkhem6PDzHdx5EonA+rfbB3QvP6aDOw5+zp5Q==",
      "optional": true
    },
    "@types/zen-observable": {
      "version": "0.8.0",
      "resolved": "https://registry.npmjs.org/@types/zen-observable/-/zen-observable-0.8.0.tgz",
      "integrity": "sha512-te5lMAWii1uEJ4FwLjzdlbw3+n0FZNOvFXHxQDKeT0dilh7HOzdMzV2TrJVUzq8ep7J4Na8OUYPRLSQkJHAlrg=="
    },
    "ansi-styles": {
      "version": "3.2.1",
      "resolved": "https://registry.npmjs.org/ansi-styles/-/ansi-styles-3.2.1.tgz",
      "integrity": "sha512-VT0ZI6kZRdTh8YyJw3SMbYm/u+NqfsAxEpWO0Pf9sq8/e94WxxOpPKx9FR1FlyCtOVDNOQ+8ntlqFxiRc+r5qA==",
      "requires": {
        "color-convert": "^1.9.0"
      }
    },
    "apollo-boost": {
      "version": "0.1.16",
      "resolved": "https://registry.npmjs.org/apollo-boost/-/apollo-boost-0.1.16.tgz",
      "integrity": "sha512-ppnQr90n2cn0ZMveEbqxW6NxmskIpThiLziLlRpRLy4keoAICg1NZecxJQmeaBLMtyhf5UholAjpS2SLmEJeHg==",
      "requires": {
        "apollo-cache": "^1.1.17",
        "apollo-cache-inmemory": "^1.2.10",
        "apollo-client": "^2.4.2",
        "apollo-link": "^1.0.6",
        "apollo-link-error": "^1.0.3",
        "apollo-link-http": "^1.3.1",
        "apollo-link-state": "^0.4.0",
        "graphql-tag": "^2.4.2"
      }
    },
    "apollo-cache": {
      "version": "1.1.17",
      "resolved": "https://registry.npmjs.org/apollo-cache/-/apollo-cache-1.1.17.tgz",
      "integrity": "sha512-7sp24n2HZO4vXgTaKNomLyIfGxG4gDdDkBB0jkRzRi7HhnKmfwhiF/RCiKNbgLdrPX151INdls0KwIVliD0dHQ==",
      "requires": {
        "apollo-utilities": "^1.0.21"
      }
    },
    "apollo-cache-inmemory": {
      "version": "1.3.5",
      "resolved": "https://registry.npmjs.org/apollo-cache-inmemory/-/apollo-cache-inmemory-1.3.5.tgz",
      "integrity": "sha512-CD4Dl9vcCp7N05KUqR3rNDj2WJ1DQNNfeyBUIo5T6XTiUhfBQp5x+CL7S+ezy5mPp+xo4TnwFzLFh/vy2LdDog==",
      "requires": {
        "apollo-cache": "^1.1.17",
        "apollo-utilities": "^1.0.21",
        "optimism": "^0.6.6"
      }
    },
    "apollo-client": {
      "version": "2.4.2",
      "resolved": "https://registry.npmjs.org/apollo-client/-/apollo-client-2.4.2.tgz",
      "integrity": "sha512-g1z23umaVSoKLj9xNl0aAnk2KBF4JeBi7MeKFc9CGTixH7TkqeQUQtxcjrC7j2h4KmDbuhOAHOFUGf8YshN+ag==",
      "requires": {
        "@types/async": "2.0.49",
        "@types/zen-observable": "^0.8.0",
        "apollo-cache": "1.1.17",
        "apollo-link": "^1.0.0",
        "apollo-link-dedup": "^1.0.0",
        "apollo-utilities": "1.0.21",
        "symbol-observable": "^1.0.2",
        "zen-observable": "^0.8.0"
      }
    },
    "apollo-link": {
      "version": "1.2.3",
      "resolved": "https://registry.npmjs.org/apollo-link/-/apollo-link-1.2.3.tgz",
      "integrity": "sha512-iL9yS2OfxYhigme5bpTbmRyC+Htt6tyo2fRMHT3K1XRL/C5IQDDz37OjpPy4ndx7WInSvfSZaaOTKFja9VWqSw==",
      "requires": {
        "apollo-utilities": "^1.0.0",
        "zen-observable-ts": "^0.8.10"
      }
    },
    "apollo-link-dedup": {
      "version": "1.0.10",
      "resolved": "https://registry.npmjs.org/apollo-link-dedup/-/apollo-link-dedup-1.0.10.tgz",
      "integrity": "sha512-tpUI9lMZsidxdNygSY1FxflXEkUZnvKRkMUsXXuQUNoSLeNtEvUX7QtKRAl4k9ubLl8JKKc9X3L3onAFeGTK8w==",
      "requires": {
        "apollo-link": "^1.2.3"
      }
    },
    "apollo-link-error": {
      "version": "1.1.1",
      "resolved": "https://registry.npmjs.org/apollo-link-error/-/apollo-link-error-1.1.1.tgz",
      "integrity": "sha512-/yPcaQWcBdB94vpJ4FsiCJt1dAGGRm+6Tsj3wKwP+72taBH+UsGRQQZk7U/1cpZwl1yqhHZn+ZNhVOebpPcIlA==",
      "requires": {
        "apollo-link": "^1.2.3"
      }
    },
    "apollo-link-http": {
      "version": "1.5.5",
      "resolved": "https://registry.npmjs.org/apollo-link-http/-/apollo-link-http-1.5.5.tgz",
      "integrity": "sha512-C5N6N/mRwmepvtzO27dgMEU3MMtRKSqcljBkYNZmWwH11BxkUQ5imBLPM3V4QJXNE7NFuAQAB5PeUd4ligivTQ==",
      "requires": {
        "apollo-link": "^1.2.3",
        "apollo-link-http-common": "^0.2.5"
      }
    },
    "apollo-link-http-common": {
      "version": "0.2.5",
      "resolved": "https://registry.npmjs.org/apollo-link-http-common/-/apollo-link-http-common-0.2.5.tgz",
      "integrity": "sha512-6FV1wr5AqAyJ64Em1dq5hhGgiyxZE383VJQmhIoDVc3MyNcFL92TkhxREOs4rnH2a9X2iJMko7nodHSGLC6d8w==",
      "requires": {
        "apollo-link": "^1.2.3"
      }
    },
    "apollo-link-state": {
      "version": "0.4.2",
      "resolved": "https://registry.npmjs.org/apollo-link-state/-/apollo-link-state-0.4.2.tgz",
      "integrity": "sha512-xMPcAfuiPVYXaLwC6oJFIZrKgV3GmdO31Ag2eufRoXpvT0AfJZjdaPB4450Nu9TslHRePN9A3quxNueILlQxlw==",
      "requires": {
        "apollo-utilities": "^1.0.8",
        "graphql-anywhere": "^4.1.0-alpha.0"
      }
    },
    "apollo-utilities": {
      "version": "1.0.21",
      "resolved": "https://registry.npmjs.org/apollo-utilities/-/apollo-utilities-1.0.21.tgz",
      "integrity": "sha512-ZcxELlEl+sDCYBgEMdNXJAsZtRVm8wk4HIA58bMsqYfd1DSAJQEtZ93F0GZgYNAGy3QyaoBeZtbb0/01++G8JQ==",
      "requires": {
        "fast-json-stable-stringify": "^2.0.0",
        "fclone": "^1.0.11"
      }
    },
    "chalk": {
      "version": "2.4.1",
      "resolved": "https://registry.npmjs.org/chalk/-/chalk-2.4.1.tgz",
      "integrity": "sha512-ObN6h1v2fTJSmUXoS3nMQ92LbDK9be4TV+6G+omQlGJFdcUX5heKi1LZ1YnRMIgwTLEj3E24bT6tYni50rlCfQ==",
      "requires": {
        "ansi-styles": "^3.2.1",
        "escape-string-regexp": "^1.0.5",
        "supports-color": "^5.3.0"
      }
    },
    "color-convert": {
      "version": "1.9.3",
      "resolved": "https://registry.npmjs.org/color-convert/-/color-convert-1.9.3.tgz",
      "integrity": "sha512-QfAUtd+vFdAtFQcC8CCyYt1fYWxSqAiK2cSD6zDB8N3cpsEBAvRxp9zOGg6G/SHHJYAT88/az/IuDGALsNVbGg==",
      "requires": {
        "color-name": "1.1.3"
      }
    },
    "color-name": {
      "version": "1.1.3",
      "resolved": "https://registry.npmjs.org/color-name/-/color-name-1.1.3.tgz",
      "integrity": "sha1-p9BVi9icQveV3UIyj3QIMcpTvCU="
    },
    "escape-string-regexp": {
      "version": "1.0.5",
      "resolved": "https://registry.npmjs.org/escape-string-regexp/-/escape-string-regexp-1.0.5.tgz",
      "integrity": "sha1-G2HAViGQqN/2rjuyzwIAyhMLhtQ="
    },
    "fast-json-stable-stringify": {
      "version": "2.0.0",
      "resolved": "https://registry.npmjs.org/fast-json-stable-stringify/-/fast-json-stable-stringify-2.0.0.tgz",
      "integrity": "sha1-1RQsDK7msRifh9OnYREGT4bIu/I="
    },
    "fclone": {
      "version": "1.0.11",
      "resolved": "https://registry.npmjs.org/fclone/-/fclone-1.0.11.tgz",
      "integrity": "sha1-EOhdo4v+p/xZk0HClu4ddyZu5kA="
    },
    "graphql": {
      "version": "14.0.2",
      "resolved": "https://registry.npmjs.org/graphql/-/graphql-14.0.2.tgz",
      "integrity": "sha512-gUC4YYsaiSJT1h40krG3J+USGlwhzNTXSb4IOZljn9ag5Tj+RkoXrWp+Kh7WyE3t1NCfab5kzCuxBIvOMERMXw==",
      "requires": {
        "iterall": "^1.2.2"
      }
    },
    "graphql-anywhere": {
      "version": "4.1.19",
      "resolved": "https://registry.npmjs.org/graphql-anywhere/-/graphql-anywhere-4.1.19.tgz",
      "integrity": "sha512-mQlvbECzYPBcgBC9JsdM4v+DSvNmcIP+8Vwr+ij3gktbaLSE0Iza30mztuz40Jlf7ooMs+0emBZucNjLzqz7tA==",
      "requires": {
        "apollo-utilities": "^1.0.21"
      }
    },
    "graphql-tag": {
      "version": "2.10.0",
      "resolved": "https://registry.npmjs.org/graphql-tag/-/graphql-tag-2.10.0.tgz",
      "integrity": "sha512-9FD6cw976TLLf9WYIUPCaaTpniawIjHWZSwIRZSjrfufJamcXbVVYfN2TWvJYbw0Xf2JjYbl1/f2+wDnBVw3/w=="
    },
    "has-flag": {
      "version": "3.0.0",
      "resolved": "https://registry.npmjs.org/has-flag/-/has-flag-3.0.0.tgz",
      "integrity": "sha1-tdRU3CGZriJWmfNGfloH87lVuv0="
    },
    "immutable-tuple": {
      "version": "0.4.8",
      "resolved": "https://registry.npmjs.org/immutable-tuple/-/immutable-tuple-0.4.8.tgz",
      "integrity": "sha512-1m29EVSrF+LJJAyVo1v12NsIalVKjyi4HNQVQDBx+LNCIuRXnfeMCHuLao5CyN1m3Sn0T63U5JEkmPArPCipQA=="
    },
    "iterall": {
      "version": "1.2.2",
      "resolved": "https://registry.npmjs.org/iterall/-/iterall-1.2.2.tgz",
      "integrity": "sha512-yynBb1g+RFUPY64fTrFv7nsjRrENBQJaX2UL+2Szc9REFrSNm1rpSXHGzhmAy7a9uv3vlvgBlXnf9RqmPH1/DA=="
    },
    "optimism": {
      "version": "0.6.6",
      "resolved": "https://registry.npmjs.org/optimism/-/optimism-0.6.6.tgz",
      "integrity": "sha512-1Y6LY7pYbXP5y6yeXYfXhxJi9hsxYAZWpt7bBp4seAwfcYtaN7tq9wot/pdrhyI809/K4gDm3BcZcEkmwGevjg==",
      "requires": {
        "immutable-tuple": "^0.4.4"
      }
    },
    "supports-color": {
      "version": "5.5.0",
      "resolved": "https://registry.npmjs.org/supports-color/-/supports-color-5.5.0.tgz",
      "integrity": "sha512-QjVjwdXIt408MIiAqCX4oUKsgU2EqAGzs2Ppkm4aQYbjm+ZEWEcW4SfFNTr4uMNZma0ey4f5lgLrkB0aX0QMow==",
      "requires": {
        "has-flag": "^3.0.0"
      }
    },
    "symbol-observable": {
      "version": "1.2.0",
      "resolved": "https://registry.npmjs.org/symbol-observable/-/symbol-observable-1.2.0.tgz",
      "integrity": "sha512-e900nM8RRtGhlV36KGEU9k65K3mPb1WV70OdjfxlG2EAuM1noi/E/BaW/uMhL7bPEssK8QV57vN3esixjUvcXQ=="
    },
    "throttle-debounce": {
      "version": "2.0.1",
      "resolved": "https://registry.npmjs.org/throttle-debounce/-/throttle-debounce-2.0.1.tgz",
      "integrity": "sha512-Sr6jZBlWShsAaSXKyNXyNicOrJW/KtkDqIEwHt4wYwWA2wa/q67Luhqoujg48V8hTk60wB56tYrJJn6jc2R7VA=="
    },
    "vue": {
      "version": "2.5.17",
      "resolved": "https://registry.npmjs.org/vue/-/vue-2.5.17.tgz",
      "integrity": "sha512-mFbcWoDIJi0w0Za4emyLiW72Jae0yjANHbCVquMKijcavBGypqlF7zHRgMa5k4sesdv7hv2rB4JPdZfR+TPfhQ=="
    },
    "vue-apollo": {
      "version": "3.0.0-beta.25",
      "resolved": "https://registry.npmjs.org/vue-apollo/-/vue-apollo-3.0.0-beta.25.tgz",
      "integrity": "sha512-M7/l3h0NlFvaZ/s/wrtRiOt3xXMbaNNuteGaCY+U5D0ABrQqvCgy5mayIZHurQxbloluNkbCt18wRKAgJTAuKA==",
      "requires": {
        "chalk": "^2.4.1",
        "throttle-debounce": "^2.0.0"
      }
    },
    "zen-observable": {
      "version": "0.8.9",
      "resolved": "https://registry.npmjs.org/zen-observable/-/zen-observable-0.8.9.tgz",
      "integrity": "sha512-Y9kPzjGvIZ5jchSlqlCpBW3I82zBBL4z+ulXDRVA1NwsKzjt5kwAi+gOYIy0htNkfuehGZZtP5mRXHRV6TjDWw=="
    },
    "zen-observable-ts": {
      "version": "0.8.10",
      "resolved": "https://registry.npmjs.org/zen-observable-ts/-/zen-observable-ts-0.8.10.tgz",
      "integrity": "sha512-5vqMtRggU/2GhePC9OU4sYEWOdvmayp2k3gjPf4F0mXwB3CSbbNznfDUvDJx9O2ZTa1EIXdJhPchQveFKwNXPQ==",
      "requires": {
        "zen-observable": "^0.8.0"
      }
    }
  }
}
